
Microsoft Visual Studio Solution File, Format Version 12.00
# Visual Studio 15
VisualStudioVersion = 15.0.27130.2010
MinimumVisualStudioVersion = 10.0.40219.1
Project("{FAE04EC0-301F-11D3-BF4B-00C04F79EFBC}") = "NEO-Compiler", "NEO-Compiler\NEO-Compiler.csproj", "{36E1CCD1-3C95-459D-88D1-6F14E07EAEC9}"
EndProject
Project("{FAE04EC0-301F-11D3-BF4B-00C04F79EFBC}") = "NEO-Debugger", "NEO-Debugger\NEO-Debugger.csproj", "{69CE0FB9-99CF-4A40-A0AB-E39F5050054E}"
EndProject
Project("{FAE04EC0-301F-11D3-BF4B-00C04F79EFBC}") = "NEO-VM", "NEO-VM\NEO-VM.csproj", "{6E380D57-508D-4E99-9AB6-AC264D8E44D0}"
EndProject
Project("{FAE04EC0-301F-11D3-BF4B-00C04F79EFBC}") = "NEO-CLI-Disassembler", "NEO-CLI-Disassembler\NEO-CLI-Disassembler.csproj", "{4AB8DA86-649F-4F8C-A448-B3F10B8D3350}"
EndProject
Project("{FAE04EC0-301F-11D3-BF4B-00C04F79EFBC}") = "ICO-Template", "ICO-Template\ICO-Template.csproj", "{ACD39528-CE59-4A17-B6ED-9C237D2A0E82}"
EndProject
Project("{FAE04EC0-301F-11D3-BF4B-00C04F79EFBC}") = "NEO-Emulator", "NEO-Emulator\NEO-Emulator.csproj", "{372429C2-71BE-41C2-92D0-5A9187BC238A}"
EndProject
Project("{FAE04EC0-301F-11D3-BF4B-00C04F79EFBC}") = "NEO-DevShell", "NEO-DevShell\NEO-DevShell.csproj", "{FD85090A-67F5-455C-896D-2B4A3520086F}"
EndProject
Global
	GlobalSection(SolutionConfigurationPlatforms) = preSolution
		Debug|Any CPU = Debug|Any CPU
		Release|Any CPU = Release|Any CPU
	EndGlobalSection
	GlobalSection(ProjectConfigurationPlatforms) = postSolution
		{36E1CCD1-3C95-459D-88D1-6F14E07EAEC9}.Debug|Any CPU.ActiveCfg = Debug|Any CPU
		{36E1CCD1-3C95-459D-88D1-6F14E07EAEC9}.Debug|Any CPU.Build.0 = Debug|Any CPU
		{36E1CCD1-3C95-459D-88D1-6F14E07EAEC9}.Release|Any CPU.ActiveCfg = Release|Any CPU
		{36E1CCD1-3C95-459D-88D1-6F14E07EAEC9}.Release|Any CPU.Build.0 = Release|Any CPU
		{69CE0FB9-99CF-4A40-A0AB-E39F5050054E}.Debug|Any CPU.ActiveCfg = Debug|Any CPU
		{69CE0FB9-99CF-4A40-A0AB-E39F5050054E}.Debug|Any CPU.Build.0 = Debug|Any CPU
		{69CE0FB9-99CF-4A40-A0AB-E39F5050054E}.Release|Any CPU.ActiveCfg = Release|Any CPU
		{69CE0FB9-99CF-4A40-A0AB-E39F5050054E}.Release|Any CPU.Build.0 = Release|Any CPU
		{6E380D57-508D-4E99-9AB6-AC264D8E44D0}.Debug|Any CPU.ActiveCfg = Debug|Any CPU
		{6E380D57-508D-4E99-9AB6-AC264D8E44D0}.Debug|Any CPU.Build.0 = Debug|Any CPU
		{6E380D57-508D-4E99-9AB6-AC264D8E44D0}.Release|Any CPU.ActiveCfg = Release|Any CPU
		{6E380D57-508D-4E99-9AB6-AC264D8E44D0}.Release|Any CPU.Build.0 = Release|Any CPU
		{4AB8DA86-649F-4F8C-A448-B3F10B8D3350}.Debug|Any CPU.ActiveCfg = Debug|Any CPU
		{4AB8DA86-649F-4F8C-A448-B3F10B8D3350}.Debug|Any CPU.Build.0 = Debug|Any CPU
		{4AB8DA86-649F-4F8C-A448-B3F10B8D3350}.Release|Any CPU.ActiveCfg = Release|Any CPU
		{4AB8DA86-649F-4F8C-A448-B3F10B8D3350}.Release|Any CPU.Build.0 = Release|Any CPU
		{ACD39528-CE59-4A17-B6ED-9C237D2A0E82}.Debug|Any CPU.ActiveCfg = Debug|Any CPU
		{ACD39528-CE59-4A17-B6ED-9C237D2A0E82}.Debug|Any CPU.Build.0 = Debug|Any CPU
		{ACD39528-CE59-4A17-B6ED-9C237D2A0E82}.Release|Any CPU.ActiveCfg = Release|Any CPU
		{ACD39528-CE59-4A17-B6ED-9C237D2A0E82}.Release|Any CPU.Build.0 = Release|Any CPU
		{372429C2-71BE-41C2-92D0-5A9187BC238A}.Debug|Any CPU.ActiveCfg = Debug|Any CPU
		{372429C2-71BE-41C2-92D0-5A9187BC238A}.Debug|Any CPU.Build.0 = Debug|Any CPU
		{372429C2-71BE-41C2-92D0-5A9187BC238A}.Release|Any CPU.ActiveCfg = Release|Any CPU
		{372429C2-71BE-41C2-92D0-5A9187BC238A}.Release|Any CPU.Build.0 = Release|Any CPU
		{FD85090A-67F5-455C-896D-2B4A3520086F}.Debug|Any CPU.ActiveCfg = Debug|Any CPU
		{FD85090A-67F5-455C-896D-2B4A3520086F}.Debug|Any CPU.Build.0 = Debug|Any CPU
		{FD85090A-67F5-455C-896D-2B4A3520086F}.Release|Any CPU.ActiveCfg = Release|Any CPU
		{FD85090A-67F5-455C-896D-2B4A3520086F}.Release|Any CPU.Build.0 = Release|Any CPU
	EndGlobalSection
	GlobalSection(SolutionProperties) = preSolution
		HideSolutionNode = FALSE
	EndGlobalSection
	GlobalSection(ExtensibilityGlobals) = postSolution
		SolutionGuid = {15B2CC86-75F4-41EC-A318-CE58C633BA46}
	EndGlobalSection
EndGlobal
